// !$*UTF8*$!
{
	archiveVersion = 1;
	classes = {
	};
	objectVersion = 46;
	objects = {

/* Begin PBXBuildFile section */
		640CD67B1B1954F400D95EC1 /* AppDelegate.swift in Sources */ = {isa = PBXBuildFile; fileRef = 640CD67A1B1954F400D95EC1 /* AppDelegate.swift */; };
		640CD67D1B1954F400D95EC1 /* FirstViewController.swift in Sources */ = {isa = PBXBuildFile; fileRef = 640CD67C1B1954F400D95EC1 /* FirstViewController.swift */; };
		640CD6821B1954F400D95EC1 /* Main.storyboard in Resources */ = {isa = PBXBuildFile; fileRef = 640CD6801B1954F400D95EC1 /* Main.storyboard */; };
		640CD6841B1954F400D95EC1 /* Images.xcassets in Resources */ = {isa = PBXBuildFile; fileRef = 640CD6831B1954F400D95EC1 /* Images.xcassets */; };
		640CD6871B1954F400D95EC1 /* LaunchScreen.xib in Resources */ = {isa = PBXBuildFile; fileRef = 640CD6851B1954F400D95EC1 /* LaunchScreen.xib */; };
		640CD6931B1954F400D95EC1 /* SafeMatchTests.swift in Sources */ = {isa = PBXBuildFile; fileRef = 640CD6921B1954F400D95EC1 /* SafeMatchTests.swift */; };
		640CD69D1B19553E00D95EC1 /* ConnectionsViewController.swift in Sources */ = {isa = PBXBuildFile; fileRef = 640CD69C1B19553E00D95EC1 /* ConnectionsViewController.swift */; };
		640CD69F1B19C45E00D95EC1 /* MCManager.swift in Sources */ = {isa = PBXBuildFile; fileRef = 640CD69E1B19C45E00D95EC1 /* MCManager.swift */; };
		640CD6AA1B1A011600D95EC1 /* InterfaceController.swift in Sources */ = {isa = PBXBuildFile; fileRef = 640CD6A91B1A011600D95EC1 /* InterfaceController.swift */; };
		640CD6AC1B1A011600D95EC1 /* NotificationController.swift in Sources */ = {isa = PBXBuildFile; fileRef = 640CD6AB1B1A011600D95EC1 /* NotificationController.swift */; };
		640CD6AE1B1A011600D95EC1 /* Images.xcassets in Resources */ = {isa = PBXBuildFile; fileRef = 640CD6AD1B1A011600D95EC1 /* Images.xcassets */; };
		640CD6B21B1A011600D95EC1 /* SafeMatch WatchKit App.app in Resources */ = {isa = PBXBuildFile; fileRef = 640CD6B11B1A011600D95EC1 /* SafeMatch WatchKit App.app */; };
		640CD6BA1B1A011600D95EC1 /* Interface.storyboard in Resources */ = {isa = PBXBuildFile; fileRef = 640CD6B81B1A011600D95EC1 /* Interface.storyboard */; };
		640CD6BC1B1A011600D95EC1 /* Images.xcassets in Resources */ = {isa = PBXBuildFile; fileRef = 640CD6BB1B1A011600D95EC1 /* Images.xcassets */; };
		640CD6BF1B1A011600D95EC1 /* SafeMatch WatchKit Extension.appex in Embed App Extensions */ = {isa = PBXBuildFile; fileRef = 640CD6A41B1A011600D95EC1 /* SafeMatch WatchKit Extension.appex */; settings = {ATTRIBUTES = (RemoveHeadersOnCopy, ); }; };
		640CD6C81B1A043500D95EC1 /* UsersTableRowController.swift in Sources */ = {isa = PBXBuildFile; fileRef = 640CD6C71B1A043500D95EC1 /* UsersTableRowController.swift */; };
		640CD6CC1B1A0F7A00D95EC1 /* ApprovalInterfaceController.swift in Sources */ = {isa = PBXBuildFile; fileRef = 640CD6CB1B1A0F7A00D95EC1 /* ApprovalInterfaceController.swift */; };
/* End PBXBuildFile section */

/* Begin PBXContainerItemProxy section */
		640CD68D1B1954F400D95EC1 /* PBXContainerItemProxy */ = {
			isa = PBXContainerItemProxy;
			containerPortal = 640CD66D1B1954F400D95EC1 /* Project object */;
			proxyType = 1;
			remoteGlobalIDString = 640CD6741B1954F400D95EC1;
			remoteInfo = SafeMatch;
		};
		640CD6B31B1A011600D95EC1 /* PBXContainerItemProxy */ = {
			isa = PBXContainerItemProxy;
			containerPortal = 640CD66D1B1954F400D95EC1 /* Project object */;
			proxyType = 1;
			remoteGlobalIDString = 640CD6B01B1A011600D95EC1;
			remoteInfo = "SafeMatch WatchKit App";
		};
		640CD6BD1B1A011600D95EC1 /* PBXContainerItemProxy */ = {
			isa = PBXContainerItemProxy;
			containerPortal = 640CD66D1B1954F400D95EC1 /* Project object */;
			proxyType = 1;
			remoteGlobalIDString = 640CD6A31B1A011600D95EC1;
			remoteInfo = "SafeMatch WatchKit Extension";
		};
/* End PBXContainerItemProxy section */

/* Begin PBXCopyFilesBuildPhase section */
		640CD6C61B1A011600D95EC1 /* Embed App Extensions */ = {
			isa = PBXCopyFilesBuildPhase;
			buildActionMask = 2147483647;
			dstPath = "";
			dstSubfolderSpec = 13;
			files = (
				640CD6BF1B1A011600D95EC1 /* SafeMatch WatchKit Extension.appex in Embed App Extensions */,
			);
			name = "Embed App Extensions";
			runOnlyForDeploymentPostprocessing = 0;
		};
/* End PBXCopyFilesBuildPhase section */

/* Begin PBXFileReference section */
		640CD6751B1954F400D95EC1 /* SafeMatch.app */ = {isa = PBXFileReference; explicitFileType = wrapper.application; includeInIndex = 0; path = SafeMatch.app; sourceTree = BUILT_PRODUCTS_DIR; };
		640CD6791B1954F400D95EC1 /* Info.plist */ = {isa = PBXFileReference; lastKnownFileType = text.plist.xml; path = Info.plist; sourceTree = "<group>"; };
		640CD67A1B1954F400D95EC1 /* AppDelegate.swift */ = {isa = PBXFileReference; lastKnownFileType = sourcecode.swift; path = AppDelegate.swift; sourceTree = "<group>"; };
		640CD67C1B1954F400D95EC1 /* FirstViewController.swift */ = {isa = PBXFileReference; lastKnownFileType = sourcecode.swift; path = FirstViewController.swift; sourceTree = "<group>"; };
		640CD6811B1954F400D95EC1 /* Base */ = {isa = PBXFileReference; lastKnownFileType = file.storyboard; name = Base; path = Base.lproj/Main.storyboard; sourceTree = "<group>"; };
		640CD6831B1954F400D95EC1 /* Images.xcassets */ = {isa = PBXFileReference; lastKnownFileType = folder.assetcatalog; path = Images.xcassets; sourceTree = "<group>"; };
		640CD6861B1954F400D95EC1 /* Base */ = {isa = PBXFileReference; lastKnownFileType = file.xib; name = Base; path = Base.lproj/LaunchScreen.xib; sourceTree = "<group>"; };
		640CD68C1B1954F400D95EC1 /* SafeMatchTests.xctest */ = {isa = PBXFileReference; explicitFileType = wrapper.cfbundle; includeInIndex = 0; path = SafeMatchTests.xctest; sourceTree = BUILT_PRODUCTS_DIR; };
		640CD6911B1954F400D95EC1 /* Info.plist */ = {isa = PBXFileReference; lastKnownFileType = text.plist.xml; path = Info.plist; sourceTree = "<group>"; };
		640CD6921B1954F400D95EC1 /* SafeMatchTests.swift */ = {isa = PBXFileReference; lastKnownFileType = sourcecode.swift; path = SafeMatchTests.swift; sourceTree = "<group>"; };
		640CD69C1B19553E00D95EC1 /* ConnectionsViewController.swift */ = {isa = PBXFileReference; fileEncoding = 4; lastKnownFileType = sourcecode.swift; path = ConnectionsViewController.swift; sourceTree = "<group>"; };
		640CD69E1B19C45E00D95EC1 /* MCManager.swift */ = {isa = PBXFileReference; fileEncoding = 4; lastKnownFileType = sourcecode.swift; path = MCManager.swift; sourceTree = "<group>"; };
		640CD6A41B1A011600D95EC1 /* SafeMatch WatchKit Extension.appex */ = {isa = PBXFileReference; explicitFileType = "wrapper.app-extension"; includeInIndex = 0; path = "SafeMatch WatchKit Extension.appex"; sourceTree = BUILT_PRODUCTS_DIR; };
		640CD6A71B1A011600D95EC1 /* Info.plist */ = {isa = PBXFileReference; lastKnownFileType = text.plist.xml; path = Info.plist; sourceTree = "<group>"; };
		640CD6A81B1A011600D95EC1 /* PushNotificationPayload.apns */ = {isa = PBXFileReference; lastKnownFileType = text; path = PushNotificationPayload.apns; sourceTree = "<group>"; };
		640CD6A91B1A011600D95EC1 /* InterfaceController.swift */ = {isa = PBXFileReference; lastKnownFileType = sourcecode.swift; path = InterfaceController.swift; sourceTree = "<group>"; };
		640CD6AB1B1A011600D95EC1 /* NotificationController.swift */ = {isa = PBXFileReference; lastKnownFileType = sourcecode.swift; name = NotificationController.swift; path = "SafeMatch WatchKit Extension/NotificationController.swift"; sourceTree = SOURCE_ROOT; };
		640CD6AD1B1A011600D95EC1 /* Images.xcassets */ = {isa = PBXFileReference; lastKnownFileType = folder.assetcatalog; path = Images.xcassets; sourceTree = "<group>"; };
		640CD6B11B1A011600D95EC1 /* SafeMatch WatchKit App.app */ = {isa = PBXFileReference; explicitFileType = wrapper.application; includeInIndex = 0; path = "SafeMatch WatchKit App.app"; sourceTree = BUILT_PRODUCTS_DIR; };
		640CD6B71B1A011600D95EC1 /* Info.plist */ = {isa = PBXFileReference; lastKnownFileType = text.plist.xml; path = Info.plist; sourceTree = "<group>"; };
		640CD6B91B1A011600D95EC1 /* Base */ = {isa = PBXFileReference; lastKnownFileType = file.storyboard; name = Base; path = Base.lproj/Interface.storyboard; sourceTree = "<group>"; };
		640CD6BB1B1A011600D95EC1 /* Images.xcassets */ = {isa = PBXFileReference; lastKnownFileType = folder.assetcatalog; path = Images.xcassets; sourceTree = "<group>"; };
		640CD6C71B1A043500D95EC1 /* UsersTableRowController.swift */ = {isa = PBXFileReference; fileEncoding = 4; lastKnownFileType = sourcecode.swift; path = UsersTableRowController.swift; sourceTree = "<group>"; };
		640CD6CB1B1A0F7A00D95EC1 /* ApprovalInterfaceController.swift */ = {isa = PBXFileReference; fileEncoding = 4; lastKnownFileType = sourcecode.swift; path = ApprovalInterfaceController.swift; sourceTree = "<group>"; };
/* End PBXFileReference section */

/* Begin PBXFrameworksBuildPhase section */
		640CD6721B1954F400D95EC1 /* Frameworks */ = {
			isa = PBXFrameworksBuildPhase;
			buildActionMask = 2147483647;
			files = (
			);
			runOnlyForDeploymentPostprocessing = 0;
		};
		640CD6891B1954F400D95EC1 /* Frameworks */ = {
			isa = PBXFrameworksBuildPhase;
			buildActionMask = 2147483647;
			files = (
			);
			runOnlyForDeploymentPostprocessing = 0;
		};
		640CD6A11B1A011600D95EC1 /* Frameworks */ = {
			isa = PBXFrameworksBuildPhase;
			buildActionMask = 2147483647;
			files = (
			);
			runOnlyForDeploymentPostprocessing = 0;
		};
/* End PBXFrameworksBuildPhase section */

/* Begin PBXGroup section */
		640CD66C1B1954F400D95EC1 = {
			isa = PBXGroup;
			children = (
				640CD6771B1954F400D95EC1 /* SafeMatch */,
				640CD68F1B1954F400D95EC1 /* SafeMatchTests */,
				640CD6A51B1A011600D95EC1 /* SafeMatch WatchKit Extension */,
				640CD6B51B1A011600D95EC1 /* SafeMatch WatchKit App */,
				640CD6761B1954F400D95EC1 /* Products */,
			);
			sourceTree = "<group>";
		};
		640CD6761B1954F400D95EC1 /* Products */ = {
			isa = PBXGroup;
			children = (
				640CD6751B1954F400D95EC1 /* SafeMatch.app */,
				640CD68C1B1954F400D95EC1 /* SafeMatchTests.xctest */,
				640CD6A41B1A011600D95EC1 /* SafeMatch WatchKit Extension.appex */,
				640CD6B11B1A011600D95EC1 /* SafeMatch WatchKit App.app */,
			);
			name = Products;
			sourceTree = "<group>";
		};
		640CD6771B1954F400D95EC1 /* SafeMatch */ = {
			isa = PBXGroup;
			children = (
				640CD67A1B1954F400D95EC1 /* AppDelegate.swift */,
				640CD67C1B1954F400D95EC1 /* FirstViewController.swift */,
				640CD69C1B19553E00D95EC1 /* ConnectionsViewController.swift */,
				640CD6801B1954F400D95EC1 /* Main.storyboard */,
				640CD6831B1954F400D95EC1 /* Images.xcassets */,
				640CD6851B1954F400D95EC1 /* LaunchScreen.xib */,
				640CD6781B1954F400D95EC1 /* Supporting Files */,
				640CD69E1B19C45E00D95EC1 /* MCManager.swift */,
			);
			path = SafeMatch;
			sourceTree = "<group>";
		};
		640CD6781B1954F400D95EC1 /* Supporting Files */ = {
			isa = PBXGroup;
			children = (
				640CD6791B1954F400D95EC1 /* Info.plist */,
			);
			name = "Supporting Files";
			sourceTree = "<group>";
		};
		640CD68F1B1954F400D95EC1 /* SafeMatchTests */ = {
			isa = PBXGroup;
			children = (
				640CD6921B1954F400D95EC1 /* SafeMatchTests.swift */,
				640CD6901B1954F400D95EC1 /* Supporting Files */,
			);
			path = SafeMatchTests;
			sourceTree = "<group>";
		};
		640CD6901B1954F400D95EC1 /* Supporting Files */ = {
			isa = PBXGroup;
			children = (
				640CD6911B1954F400D95EC1 /* Info.plist */,
			);
			name = "Supporting Files";
			sourceTree = "<group>";
		};
		640CD6A51B1A011600D95EC1 /* SafeMatch WatchKit Extension */ = {
			isa = PBXGroup;
			children = (
				640CD6AB1B1A011600D95EC1 /* NotificationController.swift */,
				640CD6A91B1A011600D95EC1 /* InterfaceController.swift */,
				640CD6AD1B1A011600D95EC1 /* Images.xcassets */,
				640CD6A61B1A011600D95EC1 /* Supporting Files */,
				640CD6C71B1A043500D95EC1 /* UsersTableRowController.swift */,
				640CD6CB1B1A0F7A00D95EC1 /* ApprovalInterfaceController.swift */,
			);
			path = "SafeMatch WatchKit Extension";
			sourceTree = "<group>";
		};
		640CD6A61B1A011600D95EC1 /* Supporting Files */ = {
			isa = PBXGroup;
			children = (
				640CD6A71B1A011600D95EC1 /* Info.plist */,
				640CD6A81B1A011600D95EC1 /* PushNotificationPayload.apns */,
			);
			name = "Supporting Files";
			sourceTree = "<group>";
		};
		640CD6B51B1A011600D95EC1 /* SafeMatch WatchKit App */ = {
			isa = PBXGroup;
			children = (
				640CD6B81B1A011600D95EC1 /* Interface.storyboard */,
				640CD6BB1B1A011600D95EC1 /* Images.xcassets */,
				640CD6B61B1A011600D95EC1 /* Supporting Files */,
			);
			path = "SafeMatch WatchKit App";
			sourceTree = "<group>";
		};
		640CD6B61B1A011600D95EC1 /* Supporting Files */ = {
			isa = PBXGroup;
			children = (
				640CD6B71B1A011600D95EC1 /* Info.plist */,
			);
			name = "Supporting Files";
			sourceTree = "<group>";
		};
/* End PBXGroup section */

/* Begin PBXNativeTarget section */
		640CD6741B1954F400D95EC1 /* SafeMatch */ = {
			isa = PBXNativeTarget;
			buildConfigurationList = 640CD6961B1954F400D95EC1 /* Build configuration list for PBXNativeTarget "SafeMatch" */;
			buildPhases = (
				640CD6711B1954F400D95EC1 /* Sources */,
				640CD6721B1954F400D95EC1 /* Frameworks */,
				640CD6731B1954F400D95EC1 /* Resources */,
				640CD6C61B1A011600D95EC1 /* Embed App Extensions */,
			);
			buildRules = (
			);
			dependencies = (
				640CD6BE1B1A011600D95EC1 /* PBXTargetDependency */,
			);
			name = SafeMatch;
			productName = SafeMatch;
			productReference = 640CD6751B1954F400D95EC1 /* SafeMatch.app */;
			productType = "com.apple.product-type.application";
		};
		640CD68B1B1954F400D95EC1 /* SafeMatchTests */ = {
			isa = PBXNativeTarget;
			buildConfigurationList = 640CD6991B1954F400D95EC1 /* Build configuration list for PBXNativeTarget "SafeMatchTests" */;
			buildPhases = (
				640CD6881B1954F400D95EC1 /* Sources */,
				640CD6891B1954F400D95EC1 /* Frameworks */,
				640CD68A1B1954F400D95EC1 /* Resources */,
			);
			buildRules = (
			);
			dependencies = (
				640CD68E1B1954F400D95EC1 /* PBXTargetDependency */,
			);
			name = SafeMatchTests;
			productName = SafeMatchTests;
			productReference = 640CD68C1B1954F400D95EC1 /* SafeMatchTests.xctest */;
			productType = "com.apple.product-type.bundle.unit-test";
		};
		640CD6A31B1A011600D95EC1 /* SafeMatch WatchKit Extension */ = {
			isa = PBXNativeTarget;
			buildConfigurationList = 640CD6C31B1A011600D95EC1 /* Build configuration list for PBXNativeTarget "SafeMatch WatchKit Extension" */;
			buildPhases = (
				640CD6A01B1A011600D95EC1 /* Sources */,
				640CD6A11B1A011600D95EC1 /* Frameworks */,
				640CD6A21B1A011600D95EC1 /* Resources */,
			);
			buildRules = (
			);
			dependencies = (
				640CD6B41B1A011600D95EC1 /* PBXTargetDependency */,
			);
			name = "SafeMatch WatchKit Extension";
			productName = "SafeMatch WatchKit Extension";
			productReference = 640CD6A41B1A011600D95EC1 /* SafeMatch WatchKit Extension.appex */;
			productType = "com.apple.product-type.watchkit-extension";
		};
		640CD6B01B1A011600D95EC1 /* SafeMatch WatchKit App */ = {
			isa = PBXNativeTarget;
			buildConfigurationList = 640CD6C01B1A011600D95EC1 /* Build configuration list for PBXNativeTarget "SafeMatch WatchKit App" */;
			buildPhases = (
				640CD6AF1B1A011600D95EC1 /* Resources */,
			);
			buildRules = (
			);
			dependencies = (
			);
			name = "SafeMatch WatchKit App";
			productName = "SafeMatch WatchKit App";
			productReference = 640CD6B11B1A011600D95EC1 /* SafeMatch WatchKit App.app */;
			productType = "com.apple.product-type.application.watchapp";
		};
/* End PBXNativeTarget section */

/* Begin PBXProject section */
		640CD66D1B1954F400D95EC1 /* Project object */ = {
			isa = PBXProject;
			attributes = {
				LastUpgradeCheck = 0630;
				ORGANIZATIONNAME = BUM;
				TargetAttributes = {
					640CD6741B1954F400D95EC1 = {
						CreatedOnToolsVersion = 6.3.1;
						DevelopmentTeam = ZWFMSTZAVW;
					};
					640CD68B1B1954F400D95EC1 = {
						CreatedOnToolsVersion = 6.3.1;
						TestTargetID = 640CD6741B1954F400D95EC1;
					};
					640CD6A31B1A011600D95EC1 = {
						CreatedOnToolsVersion = 6.3.1;
						DevelopmentTeam = ZWFMSTZAVW;
					};
					640CD6B01B1A011600D95EC1 = {
						CreatedOnToolsVersion = 6.3.1;
						DevelopmentTeam = ZWFMSTZAVW;
					};
				};
			};
			buildConfigurationList = 640CD6701B1954F400D95EC1 /* Build configuration list for PBXProject "SafeMatch" */;
			compatibilityVersion = "Xcode 3.2";
			developmentRegion = English;
			hasScannedForEncodings = 0;
			knownRegions = (
				en,
				Base,
			);
			mainGroup = 640CD66C1B1954F400D95EC1;
			productRefGroup = 640CD6761B1954F400D95EC1 /* Products */;
			projectDirPath = "";
			projectRoot = "";
			targets = (
				640CD6741B1954F400D95EC1 /* SafeMatch */,
				640CD68B1B1954F400D95EC1 /* SafeMatchTests */,
				640CD6A31B1A011600D95EC1 /* SafeMatch WatchKit Extension */,
				640CD6B01B1A011600D95EC1 /* SafeMatch WatchKit App */,
			);
		};
/* End PBXProject section */

/* Begin PBXResourcesBuildPhase section */
		640CD6731B1954F400D95EC1 /* Resources */ = {
			isa = PBXResourcesBuildPhase;
			buildActionMask = 2147483647;
			files = (
				640CD6821B1954F400D95EC1 /* Main.storyboard in Resources */,
				640CD6871B1954F400D95EC1 /* LaunchScreen.xib in Resources */,
				640CD6841B1954F400D95EC1 /* Images.xcassets in Resources */,
			);
			runOnlyForDeploymentPostprocessing = 0;
		};
		640CD68A1B1954F400D95EC1 /* Resources */ = {
			isa = PBXResourcesBuildPhase;
			buildActionMask = 2147483647;
			files = (
			);
			runOnlyForDeploymentPostprocessing = 0;
		};
		640CD6A21B1A011600D95EC1 /* Resources */ = {
			isa = PBXResourcesBuildPhase;
			buildActionMask = 2147483647;
			files = (
				640CD6AE1B1A011600D95EC1 /* Images.xcassets in Resources */,
				640CD6B21B1A011600D95EC1 /* SafeMatch WatchKit App.app in Resources */,
			);
			runOnlyForDeploymentPostprocessing = 0;
		};
		640CD6AF1B1A011600D95EC1 /* Resources */ = {
			isa = PBXResourcesBuildPhase;
			buildActionMask = 2147483647;
			files = (
				640CD6BA1B1A011600D95EC1 /* Interface.storyboard in Resources */,
				640CD6BC1B1A011600D95EC1 /* Images.xcassets in Resources */,
			);
			runOnlyForDeploymentPostprocessing = 0;
		};
/* End PBXResourcesBuildPhase section */

/* Begin PBXSourcesBuildPhase section */
		640CD6711B1954F400D95EC1 /* Sources */ = {
			isa = PBXSourcesBuildPhase;
			buildActionMask = 2147483647;
			files = (
				640CD69D1B19553E00D95EC1 /* ConnectionsViewController.swift in Sources */,
				640CD67B1B1954F400D95EC1 /* AppDelegate.swift in Sources */,
				640CD67D1B1954F400D95EC1 /* FirstViewController.swift in Sources */,
				640CD69F1B19C45E00D95EC1 /* MCManager.swift in Sources */,
			);
			runOnlyForDeploymentPostprocessing = 0;
		};
		640CD6881B1954F400D95EC1 /* Sources */ = {
			isa = PBXSourcesBuildPhase;
			buildActionMask = 2147483647;
			files = (
				640CD6931B1954F400D95EC1 /* SafeMatchTests.swift in Sources */,
			);
			runOnlyForDeploymentPostprocessing = 0;
		};
		640CD6A01B1A011600D95EC1 /* Sources */ = {
			isa = PBXSourcesBuildPhase;
			buildActionMask = 2147483647;
			files = (
				640CD6AC1B1A011600D95EC1 /* NotificationController.swift in Sources */,
				640CD6C81B1A043500D95EC1 /* UsersTableRowController.swift in Sources */,
				640CD6CC1B1A0F7A00D95EC1 /* ApprovalInterfaceController.swift in Sources */,
				640CD6AA1B1A011600D95EC1 /* InterfaceController.swift in Sources */,
			);
			runOnlyForDeploymentPostprocessing = 0;
		};
/* End PBXSourcesBuildPhase section */

/* Begin PBXTargetDependency section */
		640CD68E1B1954F400D95EC1 /* PBXTargetDependency */ = {
			isa = PBXTargetDependency;
			target = 640CD6741B1954F400D95EC1 /* SafeMatch */;
			targetProxy = 640CD68D1B1954F400D95EC1 /* PBXContainerItemProxy */;
		};
		640CD6B41B1A011600D95EC1 /* PBXTargetDependency */ = {
			isa = PBXTargetDependency;
			target = 640CD6B01B1A011600D95EC1 /* SafeMatch WatchKit App */;
			targetProxy = 640CD6B31B1A011600D95EC1 /* PBXContainerItemProxy */;
		};
		640CD6BE1B1A011600D95EC1 /* PBXTargetDependency */ = {
			isa = PBXTargetDependency;
			target = 640CD6A31B1A011600D95EC1 /* SafeMatch WatchKit Extension */;
			targetProxy = 640CD6BD1B1A011600D95EC1 /* PBXContainerItemProxy */;
		};
/* End PBXTargetDependency section */

/* Begin PBXVariantGroup section */
		640CD6801B1954F400D95EC1 /* Main.storyboard */ = {
			isa = PBXVariantGroup;
			children = (
				640CD6811B1954F400D95EC1 /* Base */,
			);
			name = Main.storyboard;
			sourceTree = "<group>";
		};
		640CD6851B1954F400D95EC1 /* LaunchScreen.xib */ = {
			isa = PBXVariantGroup;
			children = (
				640CD6861B1954F400D95EC1 /* Base */,
			);
			name = LaunchScreen.xib;
			sourceTree = "<group>";
		};
		640CD6B81B1A011600D95EC1 /* Interface.storyboard */ = {
			isa = PBXVariantGroup;
			children = (
				640CD6B91B1A011600D95EC1 /* Base */,
			);
			name = Interface.storyboard;
			sourceTree = "<group>";
		};
/* End PBXVariantGroup section */

/* Begin XCBuildConfiguration section */
		640CD6941B1954F400D95EC1 /* Debug */ = {
			isa = XCBuildConfiguration;
			buildSettings = {
				ALWAYS_SEARCH_USER_PATHS = NO;
				CLANG_CXX_LANGUAGE_STANDARD = "gnu++0x";
				CLANG_CXX_LIBRARY = "libc++";
				CLANG_ENABLE_MODULES = YES;
				CLANG_ENABLE_OBJC_ARC = YES;
				CLANG_WARN_BOOL_CONVERSION = YES;
				CLANG_WARN_CONSTANT_CONVERSION = YES;
				CLANG_WARN_DIRECT_OBJC_ISA_USAGE = YES_ERROR;
				CLANG_WARN_EMPTY_BODY = YES;
				CLANG_WARN_ENUM_CONVERSION = YES;
				CLANG_WARN_INT_CONVERSION = YES;
				CLANG_WARN_OBJC_ROOT_CLASS = YES_ERROR;
				CLANG_WARN_UNREACHABLE_CODE = YES;
				CLANG_WARN__DUPLICATE_METHOD_MATCH = YES;
				"CODE_SIGN_IDENTITY[sdk=iphoneos*]" = "iPhone Developer";
				COPY_PHASE_STRIP = NO;
				DEBUG_INFORMATION_FORMAT = "dwarf-with-dsym";
				ENABLE_STRICT_OBJC_MSGSEND = YES;
				GCC_C_LANGUAGE_STANDARD = gnu99;
				GCC_DYNAMIC_NO_PIC = NO;
				GCC_NO_COMMON_BLOCKS = YES;
				GCC_OPTIMIZATION_LEVEL = 0;
				GCC_PREPROCESSOR_DEFINITIONS = (
					"DEBUG=1",
					"$(inherited)",
				);
				GCC_SYMBOLS_PRIVATE_EXTERN = NO;
				GCC_WARN_64_TO_32_BIT_CONVERSION = YES;
				GCC_WARN_ABOUT_RETURN_TYPE = YES_ERROR;
				GCC_WARN_UNDECLARED_SELECTOR = YES;
				GCC_WARN_UNINITIALIZED_AUTOS = YES_AGGRESSIVE;
				GCC_WARN_UNUSED_FUNCTION = YES;
				GCC_WARN_UNUSED_VARIABLE = YES;
				IPHONEOS_DEPLOYMENT_TARGET = 8.3;
				MTL_ENABLE_DEBUG_INFO = YES;
				ONLY_ACTIVE_ARCH = YES;
				SDKROOT = iphoneos;
				SWIFT_OPTIMIZATION_LEVEL = "-Onone";
				TARGETED_DEVICE_FAMILY = "1,2";
			};
			name = Debug;
		};
		640CD6951B1954F400D95EC1 /* Release */ = {
			isa = XCBuildConfiguration;
			buildSettings = {
				ALWAYS_SEARCH_USER_PATHS = NO;
				CLANG_CXX_LANGUAGE_STANDARD = "gnu++0x";
				CLANG_CXX_LIBRARY = "libc++";
				CLANG_ENABLE_MODULES = YES;
				CLANG_ENABLE_OBJC_ARC = YES;
				CLANG_WARN_BOOL_CONVERSION = YES;
				CLANG_WARN_CONSTANT_CONVERSION = YES;
				CLANG_WARN_DIRECT_OBJC_ISA_USAGE = YES_ERROR;
				CLANG_WARN_EMPTY_BODY = YES;
				CLANG_WARN_ENUM_CONVERSION = YES;
				CLANG_WARN_INT_CONVERSION = YES;
				CLANG_WARN_OBJC_ROOT_CLASS = YES_ERROR;
				CLANG_WARN_UNREACHABLE_CODE = YES;
				CLANG_WARN__DUPLICATE_METHOD_MATCH = YES;
				"CODE_SIGN_IDENTITY[sdk=iphoneos*]" = "iPhone Developer";
				COPY_PHASE_STRIP = NO;
				DEBUG_INFORMATION_FORMAT = "dwarf-with-dsym";
				ENABLE_NS_ASSERTIONS = NO;
				ENABLE_STRICT_OBJC_MSGSEND = YES;
				GCC_C_LANGUAGE_STANDARD = gnu99;
				GCC_NO_COMMON_BLOCKS = YES;
				GCC_WARN_64_TO_32_BIT_CONVERSION = YES;
				GCC_WARN_ABOUT_RETURN_TYPE = YES_ERROR;
				GCC_WARN_UNDECLARED_SELECTOR = YES;
				GCC_WARN_UNINITIALIZED_AUTOS = YES_AGGRESSIVE;
				GCC_WARN_UNUSED_FUNCTION = YES;
				GCC_WARN_UNUSED_VARIABLE = YES;
				IPHONEOS_DEPLOYMENT_TARGET = 8.3;
				MTL_ENABLE_DEBUG_INFO = NO;
				SDKROOT = iphoneos;
				TARGETED_DEVICE_FAMILY = "1,2";
				VALIDATE_PRODUCT = YES;
			};
			name = Release;
		};
		640CD6971B1954F400D95EC1 /* Debug */ = {
			isa = XCBuildConfiguration;
			buildSettings = {
				ASSETCATALOG_COMPILER_APPICON_NAME = AppIcon;
				CODE_SIGN_IDENTITY = "iPhone Developer";
				"CODE_SIGN_IDENTITY[sdk=iphoneos*]" = "iPhone Developer";
				INFOPLIST_FILE = SafeMatch/Info.plist;
				LD_RUNPATH_SEARCH_PATHS = "$(inherited) @executable_path/Frameworks";
				PRODUCT_NAME = "$(TARGET_NAME)";
				PROVISIONING_PROFILE = "";
				TARGETED_DEVICE_FAMILY = 1;
			};
			name = Debug;
		};
		640CD6981B1954F400D95EC1 /* Release */ = {
			isa = XCBuildConfiguration;
			buildSettings = {
				ASSETCATALOG_COMPILER_APPICON_NAME = AppIcon;
				CODE_SIGN_IDENTITY = "iPhone Developer";
				"CODE_SIGN_IDENTITY[sdk=iphoneos*]" = "iPhone Developer";
				INFOPLIST_FILE = SafeMatch/Info.plist;
				LD_RUNPATH_SEARCH_PATHS = "$(inherited) @executable_path/Frameworks";
				PRODUCT_NAME = "$(TARGET_NAME)";
				PROVISIONING_PROFILE = "";
				TARGETED_DEVICE_FAMILY = 1;
			};
			name = Release;
		};
		640CD69A1B1954F400D95EC1 /* Debug */ = {
			isa = XCBuildConfiguration;
			buildSettings = {
				BUNDLE_LOADER = "$(TEST_HOST)";
				FRAMEWORK_SEARCH_PATHS = (
					"$(SDKROOT)/Developer/Library/Frameworks",
					"$(inherited)",
				);
				GCC_PREPROCESSOR_DEFINITIONS = (
					"DEBUG=1",
					"$(inherited)",
				);
				INFOPLIST_FILE = SafeMatchTests/Info.plist;
				LD_RUNPATH_SEARCH_PATHS = "$(inherited) @executable_path/Frameworks @loader_path/Frameworks";
				PRODUCT_NAME = "$(TARGET_NAME)";
				TEST_HOST = "$(BUILT_PRODUCTS_DIR)/SafeMatch.app/SafeMatch";
			};
			name = Debug;
		};
		640CD69B1B1954F400D95EC1 /* Release */ = {
			isa = XCBuildConfiguration;
			buildSettings = {
				BUNDLE_LOADER = "$(TEST_HOST)";
				FRAMEWORK_SEARCH_PATHS = (
					"$(SDKROOT)/Developer/Library/Frameworks",
					"$(inherited)",
				);
				INFOPLIST_FILE = SafeMatchTests/Info.plist;
				LD_RUNPATH_SEARCH_PATHS = "$(inherited) @executable_path/Frameworks @loader_path/Frameworks";
				PRODUCT_NAME = "$(TARGET_NAME)";
				TEST_HOST = "$(BUILT_PRODUCTS_DIR)/SafeMatch.app/SafeMatch";
			};
			name = Release;
		};
		640CD6C11B1A011600D95EC1 /* Debug */ = {
			isa = XCBuildConfiguration;
			buildSettings = {
				ASSETCATALOG_COMPILER_APPICON_NAME = AppIcon;
				CODE_SIGN_IDENTITY = "iPhone Developer";
				"CODE_SIGN_IDENTITY[sdk=iphoneos*]" = "iPhone Developer";
				GCC_PREPROCESSOR_DEFINITIONS = (
					"DEBUG=1",
					"$(inherited)",
				);
				IBSC_MODULE = SafeMatch_WatchKit_Extension;
				INFOPLIST_FILE = "SafeMatch WatchKit App/Info.plist";
				IPHONEOS_DEPLOYMENT_TARGET = 8.2;
				PRODUCT_NAME = "$(TARGET_NAME)";
				PROVISIONING_PROFILE = "";
				SKIP_INSTALL = YES;
				TARGETED_DEVICE_FAMILY = 4;
				"TARGETED_DEVICE_FAMILY[sdk=iphonesimulator*]" = "1,4";
			};
			name = Debug;
		};
		640CD6C21B1A011600D95EC1 /* Release */ = {
			isa = XCBuildConfiguration;
			buildSettings = {
				ASSETCATALOG_COMPILER_APPICON_NAME = AppIcon;
				CODE_SIGN_IDENTITY = "iPhone Developer";
				"CODE_SIGN_IDENTITY[sdk=iphoneos*]" = "iPhone Developer";
				IBSC_MODULE = SafeMatch_WatchKit_Extension;
				INFOPLIST_FILE = "SafeMatch WatchKit App/Info.plist";
				IPHONEOS_DEPLOYMENT_TARGET = 8.2;
				PRODUCT_NAME = "$(TARGET_NAME)";
				PROVISIONING_PROFILE = "";
				SKIP_INSTALL = YES;
				TARGETED_DEVICE_FAMILY = 4;
				"TARGETED_DEVICE_FAMILY[sdk=iphonesimulator*]" = "1,4";
			};
			name = Release;
		};
		640CD6C41B1A011600D95EC1 /* Debug */ = {
			isa = XCBuildConfiguration;
			buildSettings = {
				CODE_SIGN_IDENTITY = "iPhone Developer";
				"CODE_SIGN_IDENTITY[sdk=iphoneos*]" = "iPhone Developer";
				GCC_PREPROCESSOR_DEFINITIONS = (
					"DEBUG=1",
					"$(inherited)",
				);
				INFOPLIST_FILE = "SafeMatch WatchKit Extension/Info.plist";
				LD_RUNPATH_SEARCH_PATHS = "$(inherited) @executable_path/Frameworks @executable_path/../../Frameworks";
				PRODUCT_NAME = "${TARGET_NAME}";
				SKIP_INSTALL = YES;
			};
			name = Debug;
		};
		640CD6C51B1A011600D95EC1 /* Release */ = {
			isa = XCBuildConfiguration;
			buildSettings = {
				CODE_SIGN_IDENTITY = "iPhone Developer";
				"CODE_SIGN_IDENTITY[sdk=iphoneos*]" = "iPhone Developer";
				INFOPLIST_FILE = "SafeMatch WatchKit Extension/Info.plist";
				LD_RUNPATH_SEARCH_PATHS = "$(inherited) @executable_path/Frameworks @executable_path/../../Frameworks";
				PRODUCT_NAME = "${TARGET_NAME}";
				SKIP_INSTALL = YES;
			};
			name = Release;
		};
/* End XCBuildConfiguration section */

/* Begin XCConfigurationList section */
		640CD6701B1954F400D95EC1 /* Build configuration list for PBXProject "SafeMatch" */ = {
			isa = XCConfigurationList;
			buildConfigurations = (
				640CD6941B1954F400D95EC1 /* Debug */,
				640CD6951B1954F400D95EC1 /* Release */,
			);
			defaultConfigurationIsVisible = 0;
			defaultConfigurationName = Release;
		};
		640CD6961B1954F400D95EC1 /* Build configuration list for PBXNativeTarget "SafeMatch" */ = {
			isa = XCConfigurationList;
			buildConfigurations = (
				640CD6971B1954F400D95EC1 /* Debug */,
				640CD6981B1954F400D95EC1 /* Release */,
			);
			defaultConfigurationIsVisible = 0;
		};
		640CD6991B1954F400D95EC1 /* Build configuration list for PBXNativeTarget "SafeMatchTests" */ = {
			isa = XCConfigurationList;
			buildConfigurations = (
				640CD69A1B1954F400D95EC1 /* Debug */,
				640CD69B1B1954F400D95EC1 /* Release */,
			);
			defaultConfigurationIsVisible = 0;
		};
		640CD6C01B1A011600D95EC1 /* Build configuration list for PBXNativeTarget "SafeMatch WatchKit App" */ = {
			isa = XCConfigurationList;
			buildConfigurations = (
				640CD6C11B1A011600D95EC1 /* Debug */,
				640CD6C21B1A011600D95EC1 /* Release */,
			);
			defaultConfigurationIsVisible = 0;
		};
		640CD6C31B1A011600D95EC1 /* Build configuration list for PBXNativeTarget "SafeMatch WatchKit Extension" */ = {
			isa = XCConfigurationList;
			buildConfigurations = (
				640CD6C41B1A011600D95EC1 /* Debug */,
				640CD6C51B1A011600D95EC1 /* Release */,
			);
			defaultConfigurationIsVisible = 0;
		};
/* End XCConfigurationList section */
	};
	rootObject = 640CD66D1B1954F400D95EC1 /* Project object */;
}
